
Microsoft Visual Studio Solution File, Format Version 12.00
# Visual Studio Version 17
VisualStudioVersion = 17.4.33213.308
MinimumVisualStudioVersion = 10.0.40219.1
Project("{9A19103F-16F7-4668-BE54-9A1E7A4F7556}") = "MindBackEnd", "HeroesBackEnd\MindBackEnd.csproj", "{31889AF6-165D-41A0-87B8-C7494C25630C}"
EndProject
Project("{9A19103F-16F7-4668-BE54-9A1E7A4F7556}") = "Mind.Business", "Heroes.Business\Mind.Business.csproj", "{4BC5BFFC-50B2-4317-A440-77B62E2254E8}"
EndProject
Project("{9A19103F-16F7-4668-BE54-9A1E7A4F7556}") = "Mind.Context", "Heroes.Context\Mind.Context.csproj", "{5C0708D8-B405-4883-9BA7-1A4A155ECA65}"
EndProject
Project("{9A19103F-16F7-4668-BE54-9A1E7A4F7556}") = "Mind.Entity", "Heroes.Entity\Mind.Entity.csproj", "{CA103190-64A1-4DE8-98ED-B09C007F9F3C}"
EndProject
Project("{9A19103F-16F7-4668-BE54-9A1E7A4F7556}") = "Mind.Repository", "Heroes.Repository\Mind.Repository.csproj", "{3D84B669-F449-4207-9874-93C7F3786FB6}"
EndProject
Project("{9A19103F-16F7-4668-BE54-9A1E7A4F7556}") = "Common.Core", "C:\Users\rmorillo\Documents\Repos\Inventario_Backend\Common.Core\Common.Core.csproj", "{6B8C667D-F81B-4F54-83DA-D0E9D631E6D8}"
EndProject
Project("{FAE04EC0-301F-11D3-BF4B-00C04F79EFBC}") = "AccountsUnitTest", "AccountsUnitTest\AccountsUnitTest.csproj", "{1233A6ED-0990-40DA-B9BA-30BCDB5BBE5B}"
EndProject
Global
	GlobalSection(SolutionConfigurationPlatforms) = preSolution
		Debug|Any CPU = Debug|Any CPU
		Release|Any CPU = Release|Any CPU
	EndGlobalSection
	GlobalSection(ProjectConfigurationPlatforms) = postSolution
		{31889AF6-165D-41A0-87B8-C7494C25630C}.Debug|Any CPU.ActiveCfg = Debug|Any CPU
		{31889AF6-165D-41A0-87B8-C7494C25630C}.Debug|Any CPU.Build.0 = Debug|Any CPU
		{31889AF6-165D-41A0-87B8-C7494C25630C}.Release|Any CPU.ActiveCfg = Release|Any CPU
		{31889AF6-165D-41A0-87B8-C7494C25630C}.Release|Any CPU.Build.0 = Release|Any CPU
		{4BC5BFFC-50B2-4317-A440-77B62E2254E8}.Debug|Any CPU.ActiveCfg = Debug|Any CPU
		{4BC5BFFC-50B2-4317-A440-77B62E2254E8}.Debug|Any CPU.Build.0 = Debug|Any CPU
		{4BC5BFFC-50B2-4317-A440-77B62E2254E8}.Release|Any CPU.ActiveCfg = Release|Any CPU
		{4BC5BFFC-50B2-4317-A440-77B62E2254E8}.Release|Any CPU.Build.0 = Release|Any CPU
		{5C0708D8-B405-4883-9BA7-1A4A155ECA65}.Debug|Any CPU.ActiveCfg = Debug|Any CPU
		{5C0708D8-B405-4883-9BA7-1A4A155ECA65}.Debug|Any CPU.Build.0 = Debug|Any CPU
		{5C0708D8-B405-4883-9BA7-1A4A155ECA65}.Release|Any CPU.ActiveCfg = Release|Any CPU
		{5C0708D8-B405-4883-9BA7-1A4A155ECA65}.Release|Any CPU.Build.0 = Release|Any CPU
		{CA103190-64A1-4DE8-98ED-B09C007F9F3C}.Debug|Any CPU.ActiveCfg = Debug|Any CPU
		{CA103190-64A1-4DE8-98ED-B09C007F9F3C}.Debug|Any CPU.Build.0 = Debug|Any CPU
		{CA103190-64A1-4DE8-98ED-B09C007F9F3C}.Release|Any CPU.ActiveCfg = Release|Any CPU
		{CA103190-64A1-4DE8-98ED-B09C007F9F3C}.Release|Any CPU.Build.0 = Release|Any CPU
		{3D84B669-F449-4207-9874-93C7F3786FB6}.Debug|Any CPU.ActiveCfg = Debug|Any CPU
		{3D84B669-F449-4207-9874-93C7F3786FB6}.Debug|Any CPU.Build.0 = Debug|Any CPU
		{3D84B669-F449-4207-9874-93C7F3786FB6}.Release|Any CPU.ActiveCfg = Release|Any CPU
		{3D84B669-F449-4207-9874-93C7F3786FB6}.Release|Any CPU.Build.0 = Release|Any CPU
		{6B8C667D-F81B-4F54-83DA-D0E9D631E6D8}.Debug|Any CPU.ActiveCfg = Debug|Any CPU
		{6B8C667D-F81B-4F54-83DA-D0E9D631E6D8}.Debug|Any CPU.Build.0 = Debug|Any CPU
		{6B8C667D-F81B-4F54-83DA-D0E9D631E6D8}.Release|Any CPU.ActiveCfg = Release|Any CPU
		{6B8C667D-F81B-4F54-83DA-D0E9D631E6D8}.Release|Any CPU.Build.0 = Release|Any CPU
		{1233A6ED-0990-40DA-B9BA-30BCDB5BBE5B}.Debug|Any CPU.ActiveCfg = Debug|Any CPU
		{1233A6ED-0990-40DA-B9BA-30BCDB5BBE5B}.Debug|Any CPU.Build.0 = Debug|Any CPU
		{1233A6ED-0990-40DA-B9BA-30BCDB5BBE5B}.Release|Any CPU.ActiveCfg = Release|Any CPU
		{1233A6ED-0990-40DA-B9BA-30BCDB5BBE5B}.Release|Any CPU.Build.0 = Release|Any CPU
	EndGlobalSection
	GlobalSection(SolutionProperties) = preSolution
		HideSolutionNode = FALSE
	EndGlobalSection
	GlobalSection(ExtensibilityGlobals) = postSolution
		SolutionGuid = {7996319A-A20B-452C-979C-F5F4D2AE6A9E}
	EndGlobalSection
EndGlobal
